
Microsoft Visual Studio Solution File, Format Version 12.00
# Visual Studio 2017
Project("{FAE04EC0-301F-11D3-BF4B-00C04F79EFBC}") = "UFO-2D", "UFO-2D.csproj", "{02262DE6-746A-FCA7-F990-0937A58BC77F}"
EndProject
Project("{FAE04EC0-301F-11D3-BF4B-00C04F79EFBC}") = "UFO-2D.Editor", "UFO-2D.Editor.csproj", "{C5E41714-7318-15D3-2689-059D36B28852}"
EndProject
Global
	GlobalSection(SolutionConfigurationPlatforms) = preSolution
		Debug|Any CPU = Debug|Any CPU
		Release|Any CPU = Release|Any CPU
	EndGlobalSection
	GlobalSection(ProjectConfigurationPlatforms) = postSolution
		{02262DE6-746A-FCA7-F990-0937A58BC77F}.Debug|Any CPU.ActiveCfg = Debug|Any CPU
		{02262DE6-746A-FCA7-F990-0937A58BC77F}.Debug|Any CPU.Build.0 = Debug|Any CPU
		{02262DE6-746A-FCA7-F990-0937A58BC77F}.Release|Any CPU.ActiveCfg = Release|Any CPU
		{02262DE6-746A-FCA7-F990-0937A58BC77F}.Release|Any CPU.Build.0 = Release|Any CPU
		{C5E41714-7318-15D3-2689-059D36B28852}.Debug|Any CPU.ActiveCfg = Debug|Any CPU
		{C5E41714-7318-15D3-2689-059D36B28852}.Debug|Any CPU.Build.0 = Debug|Any CPU
		{C5E41714-7318-15D3-2689-059D36B28852}.Release|Any CPU.ActiveCfg = Release|Any CPU
		{C5E41714-7318-15D3-2689-059D36B28852}.Release|Any CPU.Build.0 = Release|Any CPU
	EndGlobalSection
	GlobalSection(SolutionProperties) = preSolution
		HideSolutionNode = FALSE
	EndGlobalSection
EndGlobal
